{
  "name": "aisearch-openai-rag-audio",
  "lockfileVersion": 3,
  "requires": true,
  "packages": {
    "": {
      "dependencies": {
        "@azure/msal-browser": "^4.13.2",
        "@azure/msal-react": "^3.0.13"
      }
    },
    "node_modules/@azure/msal-browser": {
      "version": "4.13.2",
      "resolved": "https://registry.npmjs.org/@azure/msal-browser/-/msal-browser-4.13.2.tgz",
      "integrity": "sha512-lS75bF6FYZRwsacKLXc8UYu/jb+gOB7dtZq5938chCvV/zKTFDnzuXxCXhsSUh0p8s/P8ztgbfdueD9lFARQlQ==",
      "license": "MIT",
      "dependencies": {
        "@azure/msal-common": "15.7.1"
      },
      "engines": {
        "node": ">=0.8.0"
      }
    },
    "node_modules/@azure/msal-common": {
      "version": "15.7.1",
      "resolved": "https://registry.npmjs.org/@azure/msal-common/-/msal-common-15.7.1.tgz",
      "integrity": "sha512-a0eowoYfRfKZEjbiCoA5bPT3IlWRAdGSvi63OU23Hv+X6EI8gbvXCoeqokUceFMoT9NfRUWTJSx5FiuzruqT8g==",
      "license": "MIT",
      "engines": {
        "node": ">=0.8.0"
      }
    },
    "node_modules/@azure/msal-react": {
      "version": "3.0.13",
      "resolved": "https://registry.npmjs.org/@azure/msal-react/-/msal-react-3.0.13.tgz",
      "integrity": "sha512-g0jk1CXCWVyshSqdaFW0ES8qTXGHiQZlgfnkS+Oxa0eDgw3phdm8I2EChtFiK67OmoQr+HmYPRrg+s8NpvdeRQ==",
      "license": "MIT",
      "engines": {
        "node": ">=10"
      },
      "peerDependencies": {
        "@azure/msal-browser": "^4.13.2",
        "react": "^16.8.0 || ^17 || ^18 || ^19"
      }
    }
  }
}
